
Microsoft Visual Studio Solution File, Format Version 12.00
# Visual Studio Version 17
VisualStudioVersion = 17.7.34018.315
MinimumVisualStudioVersion = 10.0.40219.1
Project("{2150E333-8FDC-42A3-9474-1A3956D46DE8}") = "Solution Items", "Solution Items", "{8F926AC2-88E1-4B89-81D2-577C5692FC21}"
	ProjectSection(SolutionItems) = preProject
		README.md = README.md
	EndProjectSection
EndProject
Project("{2150E333-8FDC-42A3-9474-1A3956D46DE8}") = "src", "src", "{DCEA7937-AF01-41F5-8EF7-E116DDD82B12}"
EndProject
Project("{2150E333-8FDC-42A3-9474-1A3956D46DE8}") = "Presentation", "Presentation", "{10736D18-64C9-41AE-BCA1-3670DA1C8F5B}"
EndProject
Project("{2150E333-8FDC-42A3-9474-1A3956D46DE8}") = "Domain", "Domain", "{BA0BF5FC-A0B2-4448-BBED-CEBD6565B7A6}"
EndProject
Project("{2150E333-8FDC-42A3-9474-1A3956D46DE8}") = "Data", "Data", "{992053AB-4E21-40A6-BDFB-3262F3131609}"
EndProject
Project("{2150E333-8FDC-42A3-9474-1A3956D46DE8}") = "Tests", "Tests", "{E7BE0A3D-D710-4640-8FCA-1E856B8AAF28}"
EndProject
Project("{9A19103F-16F7-4668-BE54-9A1E7A4F7556}") = "BookLibrary.Domain", "src\BookLibrary.Domain\BookLibrary.Domain.csproj", "{EECAA876-68A7-4298-A772-B11B29C890B2}"
EndProject
Project("{9A19103F-16F7-4668-BE54-9A1E7A4F7556}") = "BookLibrary.Data", "src\BookLibrary.Data\BookLibrary.Data.csproj", "{355315C8-217E-4DBF-89A5-4F626CA74063}"
EndProject
Project("{2150E333-8FDC-42A3-9474-1A3956D46DE8}") = "docker", "docker", "{C83FCB98-26B9-4120-9729-90320A70FC53}"
	ProjectSection(SolutionItems) = preProject
		docker\.env = docker\.env
		docker\docker-compose-local.yml = docker\docker-compose-local.yml
		docker\docker-compose.yml = docker\docker-compose.yml
	EndProjectSection
EndProject
Project("{2150E333-8FDC-42A3-9474-1A3956D46DE8}") = "WebApp", "WebApp", "{CD2AF028-60E2-49A5-8D85-60AF5E9D7294}"
EndProject
Project("{2150E333-8FDC-42A3-9474-1A3956D46DE8}") = "WebAPI", "WebAPI", "{E1C52689-19CD-44DC-A52E-6D5FC39D635E}"
EndProject
Project("{9A19103F-16F7-4668-BE54-9A1E7A4F7556}") = "BookLibrary.API", "src\BookLibrary.API\BookLibrary.API.csproj", "{1DA96777-7483-4F82-90BC-4220D5473144}"
EndProject
Project("{9A19103F-16F7-4668-BE54-9A1E7A4F7556}") = "BookLibrary.WebApp", "src\BookLibrary.WebApp\BookLibrary.WebApp.csproj", "{1225E6A9-FD72-43F7-8492-D01FCBA9A99A}"
EndProject
Project("{2150E333-8FDC-42A3-9474-1A3956D46DE8}") = "Core", "Core", "{46E2BB60-1DB5-41C0-8715-546EF3A1FC26}"
EndProject
Project("{9A19103F-16F7-4668-BE54-9A1E7A4F7556}") = "BookLibrary.Core", "src\BookLibrary.Core\BookLibrary.Core.csproj", "{3CB0E3AB-5E9B-4660-8B59-3B497C97DF20}"
EndProject
Project("{2150E333-8FDC-42A3-9474-1A3956D46DE8}") = "UnitTests", "UnitTests", "{61B0826D-39D9-4DD9-8CD8-9F158855E098}"
EndProject
Project("{9A19103F-16F7-4668-BE54-9A1E7A4F7556}") = "BookLibrary.Domain.Tests", "src\BookLibrary.Domain.Tests\BookLibrary.Domain.Tests.csproj", "{2E7110F7-1EE9-4814-981B-C005AA6010F3}"
EndProject
Global
	GlobalSection(SolutionConfigurationPlatforms) = preSolution
		Debug|Any CPU = Debug|Any CPU
		Release|Any CPU = Release|Any CPU
	EndGlobalSection
	GlobalSection(ProjectConfigurationPlatforms) = postSolution
		{EECAA876-68A7-4298-A772-B11B29C890B2}.Debug|Any CPU.ActiveCfg = Debug|Any CPU
		{EECAA876-68A7-4298-A772-B11B29C890B2}.Debug|Any CPU.Build.0 = Debug|Any CPU
		{EECAA876-68A7-4298-A772-B11B29C890B2}.Release|Any CPU.ActiveCfg = Release|Any CPU
		{EECAA876-68A7-4298-A772-B11B29C890B2}.Release|Any CPU.Build.0 = Release|Any CPU
		{355315C8-217E-4DBF-89A5-4F626CA74063}.Debug|Any CPU.ActiveCfg = Debug|Any CPU
		{355315C8-217E-4DBF-89A5-4F626CA74063}.Debug|Any CPU.Build.0 = Debug|Any CPU
		{355315C8-217E-4DBF-89A5-4F626CA74063}.Release|Any CPU.ActiveCfg = Release|Any CPU
		{355315C8-217E-4DBF-89A5-4F626CA74063}.Release|Any CPU.Build.0 = Release|Any CPU
		{1DA96777-7483-4F82-90BC-4220D5473144}.Debug|Any CPU.ActiveCfg = Debug|Any CPU
		{1DA96777-7483-4F82-90BC-4220D5473144}.Debug|Any CPU.Build.0 = Debug|Any CPU
		{1DA96777-7483-4F82-90BC-4220D5473144}.Release|Any CPU.ActiveCfg = Release|Any CPU
		{1DA96777-7483-4F82-90BC-4220D5473144}.Release|Any CPU.Build.0 = Release|Any CPU
		{1225E6A9-FD72-43F7-8492-D01FCBA9A99A}.Debug|Any CPU.ActiveCfg = Debug|Any CPU
		{1225E6A9-FD72-43F7-8492-D01FCBA9A99A}.Debug|Any CPU.Build.0 = Debug|Any CPU
		{1225E6A9-FD72-43F7-8492-D01FCBA9A99A}.Release|Any CPU.ActiveCfg = Release|Any CPU
		{1225E6A9-FD72-43F7-8492-D01FCBA9A99A}.Release|Any CPU.Build.0 = Release|Any CPU
		{3CB0E3AB-5E9B-4660-8B59-3B497C97DF20}.Debug|Any CPU.ActiveCfg = Debug|Any CPU
		{3CB0E3AB-5E9B-4660-8B59-3B497C97DF20}.Debug|Any CPU.Build.0 = Debug|Any CPU
		{3CB0E3AB-5E9B-4660-8B59-3B497C97DF20}.Release|Any CPU.ActiveCfg = Release|Any CPU
		{3CB0E3AB-5E9B-4660-8B59-3B497C97DF20}.Release|Any CPU.Build.0 = Release|Any CPU
		{2E7110F7-1EE9-4814-981B-C005AA6010F3}.Debug|Any CPU.ActiveCfg = Debug|Any CPU
		{2E7110F7-1EE9-4814-981B-C005AA6010F3}.Debug|Any CPU.Build.0 = Debug|Any CPU
		{2E7110F7-1EE9-4814-981B-C005AA6010F3}.Release|Any CPU.ActiveCfg = Release|Any CPU
		{2E7110F7-1EE9-4814-981B-C005AA6010F3}.Release|Any CPU.Build.0 = Release|Any CPU
	EndGlobalSection
	GlobalSection(SolutionProperties) = preSolution
		HideSolutionNode = FALSE
	EndGlobalSection
	GlobalSection(NestedProjects) = preSolution
		{10736D18-64C9-41AE-BCA1-3670DA1C8F5B} = {DCEA7937-AF01-41F5-8EF7-E116DDD82B12}
		{BA0BF5FC-A0B2-4448-BBED-CEBD6565B7A6} = {DCEA7937-AF01-41F5-8EF7-E116DDD82B12}
		{992053AB-4E21-40A6-BDFB-3262F3131609} = {DCEA7937-AF01-41F5-8EF7-E116DDD82B12}
		{E7BE0A3D-D710-4640-8FCA-1E856B8AAF28} = {DCEA7937-AF01-41F5-8EF7-E116DDD82B12}
		{EECAA876-68A7-4298-A772-B11B29C890B2} = {BA0BF5FC-A0B2-4448-BBED-CEBD6565B7A6}
		{355315C8-217E-4DBF-89A5-4F626CA74063} = {992053AB-4E21-40A6-BDFB-3262F3131609}
		{CD2AF028-60E2-49A5-8D85-60AF5E9D7294} = {10736D18-64C9-41AE-BCA1-3670DA1C8F5B}
		{E1C52689-19CD-44DC-A52E-6D5FC39D635E} = {10736D18-64C9-41AE-BCA1-3670DA1C8F5B}
		{1DA96777-7483-4F82-90BC-4220D5473144} = {E1C52689-19CD-44DC-A52E-6D5FC39D635E}
		{1225E6A9-FD72-43F7-8492-D01FCBA9A99A} = {CD2AF028-60E2-49A5-8D85-60AF5E9D7294}
		{46E2BB60-1DB5-41C0-8715-546EF3A1FC26} = {DCEA7937-AF01-41F5-8EF7-E116DDD82B12}
		{3CB0E3AB-5E9B-4660-8B59-3B497C97DF20} = {46E2BB60-1DB5-41C0-8715-546EF3A1FC26}
		{61B0826D-39D9-4DD9-8CD8-9F158855E098} = {E7BE0A3D-D710-4640-8FCA-1E856B8AAF28}
		{2E7110F7-1EE9-4814-981B-C005AA6010F3} = {61B0826D-39D9-4DD9-8CD8-9F158855E098}
	EndGlobalSection
	GlobalSection(ExtensibilityGlobals) = postSolution
		SolutionGuid = {DF84417A-E9DC-4BFA-9C6E-9B2D487B757D}
	EndGlobalSection
EndGlobal
